// !$*UTF8*$!
{
	archiveVersion = 1;
	classes = {
	};
	objectVersion = 56;
	objects = {

/* Begin PBXBuildFile section */
		443228192AEEF02C008FDEA3 /* AudioPlayerClient.swift in Sources */ = {isa = PBXBuildFile; fileRef = 443228182AEEF02C008FDEA3 /* AudioPlayerClient.swift */; };
		4432281B2AEEF950008FDEA3 /* AudioPlayer.swift in Sources */ = {isa = PBXBuildFile; fileRef = 4432281A2AEEF950008FDEA3 /* AudioPlayer.swift */; };
		4432281D2AEEFBF7008FDEA3 /* AudioSessionClient.swift in Sources */ = {isa = PBXBuildFile; fileRef = 4432281C2AEEFBF7008FDEA3 /* AudioSessionClient.swift */; };
		443228222AF044D8008FDEA3 /* summary_1.mp3 in Resources */ = {isa = PBXBuildFile; fileRef = 443228202AF044D8008FDEA3 /* summary_1.mp3 */; };
		443228232AF044D8008FDEA3 /* summary_0.mp3 in Resources */ = {isa = PBXBuildFile; fileRef = 443228212AF044D8008FDEA3 /* summary_0.mp3 */; };
		443228262AF049DD008FDEA3 /* ProgressSlider.swift in Sources */ = {isa = PBXBuildFile; fileRef = 443228252AF049DD008FDEA3 /* ProgressSlider.swift */; };
		4439E5BC2AF19DFE00B8AA1A /* StoreClient.swift in Sources */ = {isa = PBXBuildFile; fileRef = 4439E5BB2AF19DFE00B8AA1A /* StoreClient.swift */; };
		44EB248F2AEC7C660055130E /* SummaryPlayerTCAApp.swift in Sources */ = {isa = PBXBuildFile; fileRef = 44EB248E2AEC7C660055130E /* SummaryPlayerTCAApp.swift */; };
		44EB24912AEC7C660055130E /* AppView.swift in Sources */ = {isa = PBXBuildFile; fileRef = 44EB24902AEC7C660055130E /* AppView.swift */; };
		44EB24932AEC7C680055130E /* Assets.xcassets in Resources */ = {isa = PBXBuildFile; fileRef = 44EB24922AEC7C680055130E /* Assets.xcassets */; };
		44EB24972AEC7C680055130E /* Preview Assets.xcassets in Resources */ = {isa = PBXBuildFile; fileRef = 44EB24962AEC7C680055130E /* Preview Assets.xcassets */; };
		44EB24A12AEC7C680055130E /* SummaryPlayerTCATests.swift in Sources */ = {isa = PBXBuildFile; fileRef = 44EB24A02AEC7C680055130E /* SummaryPlayerTCATests.swift */; };
		44EB24AB2AEC7C680055130E /* SummaryPlayerTCAUITests.swift in Sources */ = {isa = PBXBuildFile; fileRef = 44EB24AA2AEC7C680055130E /* SummaryPlayerTCAUITests.swift */; };
		44EB24AD2AEC7C680055130E /* SummaryPlayerTCAUITestsLaunchTests.swift in Sources */ = {isa = PBXBuildFile; fileRef = 44EB24AC2AEC7C680055130E /* SummaryPlayerTCAUITestsLaunchTests.swift */; };
		44EB24BB2AEC7CB50055130E /* ComposableArchitecture in Frameworks */ = {isa = PBXBuildFile; productRef = 44EB24BA2AEC7CB50055130E /* ComposableArchitecture */; };
		44EB24BD2AEC851A0055130E /* PaywallOverlayView.swift in Sources */ = {isa = PBXBuildFile; fileRef = 44EB24BC2AEC851A0055130E /* PaywallOverlayView.swift */; };
		44EB24BF2AEC8A400055130E /* PlayerFeature.swift in Sources */ = {isa = PBXBuildFile; fileRef = 44EB24BE2AEC8A400055130E /* PlayerFeature.swift */; };
		44EB24C12AECFA5D0055130E /* Helpers.swift in Sources */ = {isa = PBXBuildFile; fileRef = 44EB24C02AECFA5D0055130E /* Helpers.swift */; };
/* End PBXBuildFile section */

/* Begin PBXContainerItemProxy section */
		44EB249D2AEC7C680055130E /* PBXContainerItemProxy */ = {
			isa = PBXContainerItemProxy;
			containerPortal = 44EB24832AEC7C660055130E /* Project object */;
			proxyType = 1;
			remoteGlobalIDString = 44EB248A2AEC7C660055130E;
			remoteInfo = SummaryPlayerTCA;
		};
		44EB24A72AEC7C680055130E /* PBXContainerItemProxy */ = {
			isa = PBXContainerItemProxy;
			containerPortal = 44EB24832AEC7C660055130E /* Project object */;
			proxyType = 1;
			remoteGlobalIDString = 44EB248A2AEC7C660055130E;
			remoteInfo = SummaryPlayerTCA;
		};
/* End PBXContainerItemProxy section */

/* Begin PBXFileReference section */
		443228182AEEF02C008FDEA3 /* AudioPlayerClient.swift */ = {isa = PBXFileReference; lastKnownFileType = sourcecode.swift; path = AudioPlayerClient.swift; sourceTree = "<group>"; };
		4432281A2AEEF950008FDEA3 /* AudioPlayer.swift */ = {isa = PBXFileReference; lastKnownFileType = sourcecode.swift; path = AudioPlayer.swift; sourceTree = "<group>"; };
		4432281C2AEEFBF7008FDEA3 /* AudioSessionClient.swift */ = {isa = PBXFileReference; lastKnownFileType = sourcecode.swift; path = AudioSessionClient.swift; sourceTree = "<group>"; };
		443228202AF044D8008FDEA3 /* summary_1.mp3 */ = {isa = PBXFileReference; lastKnownFileType = audio.mp3; path = summary_1.mp3; sourceTree = "<group>"; };
		443228212AF044D8008FDEA3 /* summary_0.mp3 */ = {isa = PBXFileReference; lastKnownFileType = audio.mp3; path = summary_0.mp3; sourceTree = "<group>"; };
		443228252AF049DD008FDEA3 /* ProgressSlider.swift */ = {isa = PBXFileReference; lastKnownFileType = sourcecode.swift; path = ProgressSlider.swift; sourceTree = "<group>"; };
		4439E5BA2AF19D0300B8AA1A /* TestPurchases.storekit */ = {isa = PBXFileReference; lastKnownFileType = text; path = TestPurchases.storekit; sourceTree = "<group>"; };
		4439E5BB2AF19DFE00B8AA1A /* StoreClient.swift */ = {isa = PBXFileReference; lastKnownFileType = sourcecode.swift; path = StoreClient.swift; sourceTree = "<group>"; };
		44EB248B2AEC7C660055130E /* SummaryPlayerTCA.app */ = {isa = PBXFileReference; explicitFileType = wrapper.application; includeInIndex = 0; path = SummaryPlayerTCA.app; sourceTree = BUILT_PRODUCTS_DIR; };
		44EB248E2AEC7C660055130E /* SummaryPlayerTCAApp.swift */ = {isa = PBXFileReference; lastKnownFileType = sourcecode.swift; path = SummaryPlayerTCAApp.swift; sourceTree = "<group>"; };
		44EB24902AEC7C660055130E /* AppView.swift */ = {isa = PBXFileReference; lastKnownFileType = sourcecode.swift; path = AppView.swift; sourceTree = "<group>"; };
		44EB24922AEC7C680055130E /* Assets.xcassets */ = {isa = PBXFileReference; lastKnownFileType = folder.assetcatalog; path = Assets.xcassets; sourceTree = "<group>"; };
		44EB24942AEC7C680055130E /* SummaryPlayerTCA.entitlements */ = {isa = PBXFileReference; lastKnownFileType = text.plist.entitlements; path = SummaryPlayerTCA.entitlements; sourceTree = "<group>"; };
		44EB24962AEC7C680055130E /* Preview Assets.xcassets */ = {isa = PBXFileReference; lastKnownFileType = folder.assetcatalog; path = "Preview Assets.xcassets"; sourceTree = "<group>"; };
		44EB249C2AEC7C680055130E /* SummaryPlayerTCATests.xctest */ = {isa = PBXFileReference; explicitFileType = wrapper.cfbundle; includeInIndex = 0; path = SummaryPlayerTCATests.xctest; sourceTree = BUILT_PRODUCTS_DIR; };
		44EB24A02AEC7C680055130E /* SummaryPlayerTCATests.swift */ = {isa = PBXFileReference; lastKnownFileType = sourcecode.swift; path = SummaryPlayerTCATests.swift; sourceTree = "<group>"; };
		44EB24A62AEC7C680055130E /* SummaryPlayerTCAUITests.xctest */ = {isa = PBXFileReference; explicitFileType = wrapper.cfbundle; includeInIndex = 0; path = SummaryPlayerTCAUITests.xctest; sourceTree = BUILT_PRODUCTS_DIR; };
		44EB24AA2AEC7C680055130E /* SummaryPlayerTCAUITests.swift */ = {isa = PBXFileReference; lastKnownFileType = sourcecode.swift; path = SummaryPlayerTCAUITests.swift; sourceTree = "<group>"; };
		44EB24AC2AEC7C680055130E /* SummaryPlayerTCAUITestsLaunchTests.swift */ = {isa = PBXFileReference; lastKnownFileType = sourcecode.swift; path = SummaryPlayerTCAUITestsLaunchTests.swift; sourceTree = "<group>"; };
		44EB24BC2AEC851A0055130E /* PaywallOverlayView.swift */ = {isa = PBXFileReference; lastKnownFileType = sourcecode.swift; path = PaywallOverlayView.swift; sourceTree = "<group>"; };
		44EB24BE2AEC8A400055130E /* PlayerFeature.swift */ = {isa = PBXFileReference; lastKnownFileType = sourcecode.swift; path = PlayerFeature.swift; sourceTree = "<group>"; };
		44EB24C02AECFA5D0055130E /* Helpers.swift */ = {isa = PBXFileReference; lastKnownFileType = sourcecode.swift; path = Helpers.swift; sourceTree = "<group>"; };
/* End PBXFileReference section */

/* Begin PBXFrameworksBuildPhase section */
		44EB24882AEC7C660055130E /* Frameworks */ = {
			isa = PBXFrameworksBuildPhase;
			buildActionMask = 2147483647;
			files = (
				44EB24BB2AEC7CB50055130E /* ComposableArchitecture in Frameworks */,
			);
			runOnlyForDeploymentPostprocessing = 0;
		};
		44EB24992AEC7C680055130E /* Frameworks */ = {
			isa = PBXFrameworksBuildPhase;
			buildActionMask = 2147483647;
			files = (
			);
			runOnlyForDeploymentPostprocessing = 0;
		};
		44EB24A32AEC7C680055130E /* Frameworks */ = {
			isa = PBXFrameworksBuildPhase;
			buildActionMask = 2147483647;
			files = (
			);
			runOnlyForDeploymentPostprocessing = 0;
		};
/* End PBXFrameworksBuildPhase section */

/* Begin PBXGroup section */
		443228172AEEF018008FDEA3 /* Services */ = {
			isa = PBXGroup;
			children = (
				4432281A2AEEF950008FDEA3 /* AudioPlayer.swift */,
				443228182AEEF02C008FDEA3 /* AudioPlayerClient.swift */,
				4432281C2AEEFBF7008FDEA3 /* AudioSessionClient.swift */,
				4439E5BB2AF19DFE00B8AA1A /* StoreClient.swift */,
			);
			path = Services;
			sourceTree = "<group>";
		};
		443228242AF049D0008FDEA3 /* Helpers */ = {
			isa = PBXGroup;
			children = (
				443228252AF049DD008FDEA3 /* ProgressSlider.swift */,
			);
			path = Helpers;
			sourceTree = "<group>";
		};
		44EB24822AEC7C660055130E = {
			isa = PBXGroup;
			children = (
				4439E5BA2AF19D0300B8AA1A /* TestPurchases.storekit */,
				44EB248D2AEC7C660055130E /* SummaryPlayerTCA */,
				44EB249F2AEC7C680055130E /* SummaryPlayerTCATests */,
				44EB24A92AEC7C680055130E /* SummaryPlayerTCAUITests */,
				44EB248C2AEC7C660055130E /* Products */,
			);
			sourceTree = "<group>";
		};
		44EB248C2AEC7C660055130E /* Products */ = {
			isa = PBXGroup;
			children = (
				44EB248B2AEC7C660055130E /* SummaryPlayerTCA.app */,
				44EB249C2AEC7C680055130E /* SummaryPlayerTCATests.xctest */,
				44EB24A62AEC7C680055130E /* SummaryPlayerTCAUITests.xctest */,
			);
			name = Products;
			sourceTree = "<group>";
		};
		44EB248D2AEC7C660055130E /* SummaryPlayerTCA */ = {
			isa = PBXGroup;
			children = (
				443228242AF049D0008FDEA3 /* Helpers */,
				443228172AEEF018008FDEA3 /* Services */,
				44EB248E2AEC7C660055130E /* SummaryPlayerTCAApp.swift */,
				44EB24BC2AEC851A0055130E /* PaywallOverlayView.swift */,
				44EB24BE2AEC8A400055130E /* PlayerFeature.swift */,
				44EB24902AEC7C660055130E /* AppView.swift */,
				443228212AF044D8008FDEA3 /* summary_0.mp3 */,
				443228202AF044D8008FDEA3 /* summary_1.mp3 */,
				44EB24922AEC7C680055130E /* Assets.xcassets */,
				44EB24942AEC7C680055130E /* SummaryPlayerTCA.entitlements */,
				44EB24952AEC7C680055130E /* Preview Content */,
				44EB24C02AECFA5D0055130E /* Helpers.swift */,
			);
			path = SummaryPlayerTCA;
			sourceTree = "<group>";
		};
		44EB24952AEC7C680055130E /* Preview Content */ = {
			isa = PBXGroup;
			children = (
				44EB24962AEC7C680055130E /* Preview Assets.xcassets */,
			);
			path = "Preview Content";
			sourceTree = "<group>";
		};
		44EB249F2AEC7C680055130E /* SummaryPlayerTCATests */ = {
			isa = PBXGroup;
			children = (
				44EB24A02AEC7C680055130E /* SummaryPlayerTCATests.swift */,
			);
			path = SummaryPlayerTCATests;
			sourceTree = "<group>";
		};
		44EB24A92AEC7C680055130E /* SummaryPlayerTCAUITests */ = {
			isa = PBXGroup;
			children = (
				44EB24AA2AEC7C680055130E /* SummaryPlayerTCAUITests.swift */,
				44EB24AC2AEC7C680055130E /* SummaryPlayerTCAUITestsLaunchTests.swift */,
			);
			path = SummaryPlayerTCAUITests;
			sourceTree = "<group>";
		};
/* End PBXGroup section */

/* Begin PBXNativeTarget section */
		44EB248A2AEC7C660055130E /* SummaryPlayerTCA */ = {
			isa = PBXNativeTarget;
			buildConfigurationList = 44EB24B02AEC7C680055130E /* Build configuration list for PBXNativeTarget "SummaryPlayerTCA" */;
			buildPhases = (
				44EB24872AEC7C660055130E /* Sources */,
				44EB24882AEC7C660055130E /* Frameworks */,
				44EB24892AEC7C660055130E /* Resources */,
			);
			buildRules = (
			);
			dependencies = (
			);
			name = SummaryPlayerTCA;
			packageProductDependencies = (
				44EB24BA2AEC7CB50055130E /* ComposableArchitecture */,
			);
			productName = SummaryPlayerTCA;
			productReference = 44EB248B2AEC7C660055130E /* SummaryPlayerTCA.app */;
			productType = "com.apple.product-type.application";
		};
		44EB249B2AEC7C680055130E /* SummaryPlayerTCATests */ = {
			isa = PBXNativeTarget;
			buildConfigurationList = 44EB24B32AEC7C680055130E /* Build configuration list for PBXNativeTarget "SummaryPlayerTCATests" */;
			buildPhases = (
				44EB24982AEC7C680055130E /* Sources */,
				44EB24992AEC7C680055130E /* Frameworks */,
				44EB249A2AEC7C680055130E /* Resources */,
			);
			buildRules = (
			);
			dependencies = (
				44EB249E2AEC7C680055130E /* PBXTargetDependency */,
			);
			name = SummaryPlayerTCATests;
			productName = SummaryPlayerTCATests;
			productReference = 44EB249C2AEC7C680055130E /* SummaryPlayerTCATests.xctest */;
			productType = "com.apple.product-type.bundle.unit-test";
		};
		44EB24A52AEC7C680055130E /* SummaryPlayerTCAUITests */ = {
			isa = PBXNativeTarget;
			buildConfigurationList = 44EB24B62AEC7C680055130E /* Build configuration list for PBXNativeTarget "SummaryPlayerTCAUITests" */;
			buildPhases = (
				44EB24A22AEC7C680055130E /* Sources */,
				44EB24A32AEC7C680055130E /* Frameworks */,
				44EB24A42AEC7C680055130E /* Resources */,
			);
			buildRules = (
			);
			dependencies = (
				44EB24A82AEC7C680055130E /* PBXTargetDependency */,
			);
			name = SummaryPlayerTCAUITests;
			productName = SummaryPlayerTCAUITests;
			productReference = 44EB24A62AEC7C680055130E /* SummaryPlayerTCAUITests.xctest */;
			productType = "com.apple.product-type.bundle.ui-testing";
		};
/* End PBXNativeTarget section */

/* Begin PBXProject section */
		44EB24832AEC7C660055130E /* Project object */ = {
			isa = PBXProject;
			attributes = {
				BuildIndependentTargetsInParallel = 1;
				LastSwiftUpdateCheck = 1500;
				LastUpgradeCheck = 1500;
				TargetAttributes = {
					44EB248A2AEC7C660055130E = {
						CreatedOnToolsVersion = 15.0;
					};
					44EB249B2AEC7C680055130E = {
						CreatedOnToolsVersion = 15.0;
						TestTargetID = 44EB248A2AEC7C660055130E;
					};
					44EB24A52AEC7C680055130E = {
						CreatedOnToolsVersion = 15.0;
						TestTargetID = 44EB248A2AEC7C660055130E;
					};
				};
			};
			buildConfigurationList = 44EB24862AEC7C660055130E /* Build configuration list for PBXProject "SummaryPlayerTCA" */;
			compatibilityVersion = "Xcode 14.0";
			developmentRegion = en;
			hasScannedForEncodings = 0;
			knownRegions = (
				en,
				Base,
			);
			mainGroup = 44EB24822AEC7C660055130E;
			packageReferences = (
				44EB24B92AEC7CB50055130E /* XCRemoteSwiftPackageReference "swift-composable-architecture" */,
			);
			productRefGroup = 44EB248C2AEC7C660055130E /* Products */;
			projectDirPath = "";
			projectRoot = "";
			targets = (
				44EB248A2AEC7C660055130E /* SummaryPlayerTCA */,
				44EB249B2AEC7C680055130E /* SummaryPlayerTCATests */,
				44EB24A52AEC7C680055130E /* SummaryPlayerTCAUITests */,
			);
		};
/* End PBXProject section */

/* Begin PBXResourcesBuildPhase section */
		44EB24892AEC7C660055130E /* Resources */ = {
			isa = PBXResourcesBuildPhase;
			buildActionMask = 2147483647;
			files = (
				443228232AF044D8008FDEA3 /* summary_0.mp3 in Resources */,
				44EB24972AEC7C680055130E /* Preview Assets.xcassets in Resources */,
				44EB24932AEC7C680055130E /* Assets.xcassets in Resources */,
				443228222AF044D8008FDEA3 /* summary_1.mp3 in Resources */,
			);
			runOnlyForDeploymentPostprocessing = 0;
		};
		44EB249A2AEC7C680055130E /* Resources */ = {
			isa = PBXResourcesBuildPhase;
			buildActionMask = 2147483647;
			files = (
			);
			runOnlyForDeploymentPostprocessing = 0;
		};
		44EB24A42AEC7C680055130E /* Resources */ = {
			isa = PBXResourcesBuildPhase;
			buildActionMask = 2147483647;
			files = (
			);
			runOnlyForDeploymentPostprocessing = 0;
		};
/* End PBXResourcesBuildPhase section */

/* Begin PBXSourcesBuildPhase section */
		44EB24872AEC7C660055130E /* Sources */ = {
			isa = PBXSourcesBuildPhase;
			buildActionMask = 2147483647;
			files = (
				4439E5BC2AF19DFE00B8AA1A /* StoreClient.swift in Sources */,
				443228262AF049DD008FDEA3 /* ProgressSlider.swift in Sources */,
				4432281D2AEEFBF7008FDEA3 /* AudioSessionClient.swift in Sources */,
				44EB24912AEC7C660055130E /* AppView.swift in Sources */,
				44EB24BD2AEC851A0055130E /* PaywallOverlayView.swift in Sources */,
				443228192AEEF02C008FDEA3 /* AudioPlayerClient.swift in Sources */,
				44EB248F2AEC7C660055130E /* SummaryPlayerTCAApp.swift in Sources */,
				44EB24C12AECFA5D0055130E /* Helpers.swift in Sources */,
				44EB24BF2AEC8A400055130E /* PlayerFeature.swift in Sources */,
				4432281B2AEEF950008FDEA3 /* AudioPlayer.swift in Sources */,
			);
			runOnlyForDeploymentPostprocessing = 0;
		};
		44EB24982AEC7C680055130E /* Sources */ = {
			isa = PBXSourcesBuildPhase;
			buildActionMask = 2147483647;
			files = (
				44EB24A12AEC7C680055130E /* SummaryPlayerTCATests.swift in Sources */,
			);
			runOnlyForDeploymentPostprocessing = 0;
		};
		44EB24A22AEC7C680055130E /* Sources */ = {
			isa = PBXSourcesBuildPhase;
			buildActionMask = 2147483647;
			files = (
				44EB24AB2AEC7C680055130E /* SummaryPlayerTCAUITests.swift in Sources */,
				44EB24AD2AEC7C680055130E /* SummaryPlayerTCAUITestsLaunchTests.swift in Sources */,
			);
			runOnlyForDeploymentPostprocessing = 0;
		};
/* End PBXSourcesBuildPhase section */

/* Begin PBXTargetDependency section */
		44EB249E2AEC7C680055130E /* PBXTargetDependency */ = {
			isa = PBXTargetDependency;
			target = 44EB248A2AEC7C660055130E /* SummaryPlayerTCA */;
			targetProxy = 44EB249D2AEC7C680055130E /* PBXContainerItemProxy */;
		};
		44EB24A82AEC7C680055130E /* PBXTargetDependency */ = {
			isa = PBXTargetDependency;
			target = 44EB248A2AEC7C660055130E /* SummaryPlayerTCA */;
			targetProxy = 44EB24A72AEC7C680055130E /* PBXContainerItemProxy */;
		};
/* End PBXTargetDependency section */

/* Begin XCBuildConfiguration section */
		44EB24AE2AEC7C680055130E /* Debug */ = {
			isa = XCBuildConfiguration;
			buildSettings = {
				ALWAYS_SEARCH_USER_PATHS = NO;
				ASSETCATALOG_COMPILER_GENERATE_SWIFT_ASSET_SYMBOL_EXTENSIONS = YES;
				CLANG_ANALYZER_NONNULL = YES;
				CLANG_ANALYZER_NUMBER_OBJECT_CONVERSION = YES_AGGRESSIVE;
				CLANG_CXX_LANGUAGE_STANDARD = "gnu++20";
				CLANG_ENABLE_MODULES = YES;
				CLANG_ENABLE_OBJC_ARC = YES;
				CLANG_ENABLE_OBJC_WEAK = YES;
				CLANG_WARN_BLOCK_CAPTURE_AUTORELEASING = YES;
				CLANG_WARN_BOOL_CONVERSION = YES;
				CLANG_WARN_COMMA = YES;
				CLANG_WARN_CONSTANT_CONVERSION = YES;
				CLANG_WARN_DEPRECATED_OBJC_IMPLEMENTATIONS = YES;
				CLANG_WARN_DIRECT_OBJC_ISA_USAGE = YES_ERROR;
				CLANG_WARN_DOCUMENTATION_COMMENTS = YES;
				CLANG_WARN_EMPTY_BODY = YES;
				CLANG_WARN_ENUM_CONVERSION = YES;
				CLANG_WARN_INFINITE_RECURSION = YES;
				CLANG_WARN_INT_CONVERSION = YES;
				CLANG_WARN_NON_LITERAL_NULL_CONVERSION = YES;
				CLANG_WARN_OBJC_IMPLICIT_RETAIN_SELF = YES;
				CLANG_WARN_OBJC_LITERAL_CONVERSION = YES;
				CLANG_WARN_OBJC_ROOT_CLASS = YES_ERROR;
				CLANG_WARN_QUOTED_INCLUDE_IN_FRAMEWORK_HEADER = YES;
				CLANG_WARN_RANGE_LOOP_ANALYSIS = YES;
				CLANG_WARN_STRICT_PROTOTYPES = YES;
				CLANG_WARN_SUSPICIOUS_MOVE = YES;
				CLANG_WARN_UNGUARDED_AVAILABILITY = YES_AGGRESSIVE;
				CLANG_WARN_UNREACHABLE_CODE = YES;
				CLANG_WARN__DUPLICATE_METHOD_MATCH = YES;
				COPY_PHASE_STRIP = NO;
				DEBUG_INFORMATION_FORMAT = dwarf;
				ENABLE_STRICT_OBJC_MSGSEND = YES;
				ENABLE_TESTABILITY = YES;
				ENABLE_USER_SCRIPT_SANDBOXING = YES;
				GCC_C_LANGUAGE_STANDARD = gnu17;
				GCC_DYNAMIC_NO_PIC = NO;
				GCC_NO_COMMON_BLOCKS = YES;
				GCC_OPTIMIZATION_LEVEL = 0;
				GCC_PREPROCESSOR_DEFINITIONS = (
					"DEBUG=1",
					"$(inherited)",
				);
				GCC_WARN_64_TO_32_BIT_CONVERSION = YES;
				GCC_WARN_ABOUT_RETURN_TYPE = YES_ERROR;
				GCC_WARN_UNDECLARED_SELECTOR = YES;
				GCC_WARN_UNINITIALIZED_AUTOS = YES_AGGRESSIVE;
				GCC_WARN_UNUSED_FUNCTION = YES;
				GCC_WARN_UNUSED_VARIABLE = YES;
				LOCALIZATION_PREFERS_STRING_CATALOGS = YES;
				MTL_ENABLE_DEBUG_INFO = INCLUDE_SOURCE;
				MTL_FAST_MATH = YES;
				ONLY_ACTIVE_ARCH = YES;
				SWIFT_ACTIVE_COMPILATION_CONDITIONS = "DEBUG $(inherited)";
				SWIFT_OPTIMIZATION_LEVEL = "-Onone";
			};
			name = Debug;
		};
		44EB24AF2AEC7C680055130E /* Release */ = {
			isa = XCBuildConfiguration;
			buildSettings = {
				ALWAYS_SEARCH_USER_PATHS = NO;
				ASSETCATALOG_COMPILER_GENERATE_SWIFT_ASSET_SYMBOL_EXTENSIONS = YES;
				CLANG_ANALYZER_NONNULL = YES;
				CLANG_ANALYZER_NUMBER_OBJECT_CONVERSION = YES_AGGRESSIVE;
				CLANG_CXX_LANGUAGE_STANDARD = "gnu++20";
				CLANG_ENABLE_MODULES = YES;
				CLANG_ENABLE_OBJC_ARC = YES;
				CLANG_ENABLE_OBJC_WEAK = YES;
				CLANG_WARN_BLOCK_CAPTURE_AUTORELEASING = YES;
				CLANG_WARN_BOOL_CONVERSION = YES;
				CLANG_WARN_COMMA = YES;
				CLANG_WARN_CONSTANT_CONVERSION = YES;
				CLANG_WARN_DEPRECATED_OBJC_IMPLEMENTATIONS = YES;
				CLANG_WARN_DIRECT_OBJC_ISA_USAGE = YES_ERROR;
				CLANG_WARN_DOCUMENTATION_COMMENTS = YES;
				CLANG_WARN_EMPTY_BODY = YES;
				CLANG_WARN_ENUM_CONVERSION = YES;
				CLANG_WARN_INFINITE_RECURSION = YES;
				CLANG_WARN_INT_CONVERSION = YES;
				CLANG_WARN_NON_LITERAL_NULL_CONVERSION = YES;
				CLANG_WARN_OBJC_IMPLICIT_RETAIN_SELF = YES;
				CLANG_WARN_OBJC_LITERAL_CONVERSION = YES;
				CLANG_WARN_OBJC_ROOT_CLASS = YES_ERROR;
				CLANG_WARN_QUOTED_INCLUDE_IN_FRAMEWORK_HEADER = YES;
				CLANG_WARN_RANGE_LOOP_ANALYSIS = YES;
				CLANG_WARN_STRICT_PROTOTYPES = YES;
				CLANG_WARN_SUSPICIOUS_MOVE = YES;
				CLANG_WARN_UNGUARDED_AVAILABILITY = YES_AGGRESSIVE;
				CLANG_WARN_UNREACHABLE_CODE = YES;
				CLANG_WARN__DUPLICATE_METHOD_MATCH = YES;
				COPY_PHASE_STRIP = NO;
				DEBUG_INFORMATION_FORMAT = "dwarf-with-dsym";
				ENABLE_NS_ASSERTIONS = NO;
				ENABLE_STRICT_OBJC_MSGSEND = YES;
				ENABLE_USER_SCRIPT_SANDBOXING = YES;
				GCC_C_LANGUAGE_STANDARD = gnu17;
				GCC_NO_COMMON_BLOCKS = YES;
				GCC_WARN_64_TO_32_BIT_CONVERSION = YES;
				GCC_WARN_ABOUT_RETURN_TYPE = YES_ERROR;
				GCC_WARN_UNDECLARED_SELECTOR = YES;
				GCC_WARN_UNINITIALIZED_AUTOS = YES_AGGRESSIVE;
				GCC_WARN_UNUSED_FUNCTION = YES;
				GCC_WARN_UNUSED_VARIABLE = YES;
				LOCALIZATION_PREFERS_STRING_CATALOGS = YES;
				MTL_ENABLE_DEBUG_INFO = NO;
				MTL_FAST_MATH = YES;
				SWIFT_COMPILATION_MODE = wholemodule;
			};
			name = Release;
		};
		44EB24B12AEC7C680055130E /* Debug */ = {
			isa = XCBuildConfiguration;
			buildSettings = {
				ASSETCATALOG_COMPILER_APPICON_NAME = AppIcon;
				ASSETCATALOG_COMPILER_GLOBAL_ACCENT_COLOR_NAME = AccentColor;
				CODE_SIGN_ENTITLEMENTS = SummaryPlayerTCA/SummaryPlayerTCA.entitlements;
				CODE_SIGN_STYLE = Automatic;
				CURRENT_PROJECT_VERSION = 1;
				DEVELOPMENT_ASSET_PATHS = "\"SummaryPlayerTCA/Preview Content\"";
				DEVELOPMENT_TEAM = 9DB8872T2A;
				ENABLE_HARDENED_RUNTIME = YES;
				ENABLE_PREVIEWS = YES;
				GENERATE_INFOPLIST_FILE = YES;
				"INFOPLIST_KEY_UIApplicationSceneManifest_Generation[sdk=iphoneos*]" = YES;
				"INFOPLIST_KEY_UIApplicationSceneManifest_Generation[sdk=iphonesimulator*]" = YES;
				"INFOPLIST_KEY_UIApplicationSupportsIndirectInputEvents[sdk=iphoneos*]" = YES;
				"INFOPLIST_KEY_UIApplicationSupportsIndirectInputEvents[sdk=iphonesimulator*]" = YES;
				"INFOPLIST_KEY_UILaunchScreen_Generation[sdk=iphoneos*]" = YES;
				"INFOPLIST_KEY_UILaunchScreen_Generation[sdk=iphonesimulator*]" = YES;
				"INFOPLIST_KEY_UIStatusBarStyle[sdk=iphoneos*]" = UIStatusBarStyleDefault;
				"INFOPLIST_KEY_UIStatusBarStyle[sdk=iphonesimulator*]" = UIStatusBarStyleDefault;
				INFOPLIST_KEY_UISupportedInterfaceOrientations = UIInterfaceOrientationPortrait;
				INFOPLIST_KEY_UISupportedInterfaceOrientations_iPad = "UIInterfaceOrientationLandscapeLeft UIInterfaceOrientationLandscapeRight UIInterfaceOrientationPortrait UIInterfaceOrientationPortraitUpsideDown";
				IPHONEOS_DEPLOYMENT_TARGET = 17.0;
				LD_RUNPATH_SEARCH_PATHS = "@executable_path/Frameworks";
				"LD_RUNPATH_SEARCH_PATHS[sdk=macosx*]" = "@executable_path/../Frameworks";
				MACOSX_DEPLOYMENT_TARGET = 13.5;
				MARKETING_VERSION = 1.0;
				PRODUCT_BUNDLE_IDENTIFIER = me.honcharenko.SummaryPlayerTCA;
				PRODUCT_NAME = "$(TARGET_NAME)";
				SDKROOT = auto;
				SUPPORTED_PLATFORMS = "iphoneos iphonesimulator";
				SUPPORTS_MACCATALYST = NO;
				SWIFT_EMIT_LOC_STRINGS = YES;
				SWIFT_VERSION = 5.0;
				TARGETED_DEVICE_FAMILY = 1;
			};
			name = Debug;
		};
		44EB24B22AEC7C680055130E /* Release */ = {
			isa = XCBuildConfiguration;
			buildSettings = {
				ASSETCATALOG_COMPILER_APPICON_NAME = AppIcon;
				ASSETCATALOG_COMPILER_GLOBAL_ACCENT_COLOR_NAME = AccentColor;
				CODE_SIGN_ENTITLEMENTS = SummaryPlayerTCA/SummaryPlayerTCA.entitlements;
				CODE_SIGN_STYLE = Automatic;
				CURRENT_PROJECT_VERSION = 1;
				DEVELOPMENT_ASSET_PATHS = "\"SummaryPlayerTCA/Preview Content\"";
				DEVELOPMENT_TEAM = 9DB8872T2A;
				ENABLE_HARDENED_RUNTIME = YES;
				ENABLE_PREVIEWS = YES;
				GENERATE_INFOPLIST_FILE = YES;
				"INFOPLIST_KEY_UIApplicationSceneManifest_Generation[sdk=iphoneos*]" = YES;
				"INFOPLIST_KEY_UIApplicationSceneManifest_Generation[sdk=iphonesimulator*]" = YES;
				"INFOPLIST_KEY_UIApplicationSupportsIndirectInputEvents[sdk=iphoneos*]" = YES;
				"INFOPLIST_KEY_UIApplicationSupportsIndirectInputEvents[sdk=iphonesimulator*]" = YES;
				"INFOPLIST_KEY_UILaunchScreen_Generation[sdk=iphoneos*]" = YES;
				"INFOPLIST_KEY_UILaunchScreen_Generation[sdk=iphonesimulator*]" = YES;
				"INFOPLIST_KEY_UIStatusBarStyle[sdk=iphoneos*]" = UIStatusBarStyleDefault;
				"INFOPLIST_KEY_UIStatusBarStyle[sdk=iphonesimulator*]" = UIStatusBarStyleDefault;
				INFOPLIST_KEY_UISupportedInterfaceOrientations = UIInterfaceOrientationPortrait;
				INFOPLIST_KEY_UISupportedInterfaceOrientations_iPad = "UIInterfaceOrientationLandscapeLeft UIInterfaceOrientationLandscapeRight UIInterfaceOrientationPortrait UIInterfaceOrientationPortraitUpsideDown";
				IPHONEOS_DEPLOYMENT_TARGET = 17.0;
				LD_RUNPATH_SEARCH_PATHS = "@executable_path/Frameworks";
				"LD_RUNPATH_SEARCH_PATHS[sdk=macosx*]" = "@executable_path/../Frameworks";
				MACOSX_DEPLOYMENT_TARGET = 13.5;
				MARKETING_VERSION = 1.0;
				PRODUCT_BUNDLE_IDENTIFIER = me.honcharenko.SummaryPlayerTCA;
				PRODUCT_NAME = "$(TARGET_NAME)";
				SDKROOT = auto;
				SUPPORTED_PLATFORMS = "iphoneos iphonesimulator";
				SUPPORTS_MACCATALYST = NO;
				SWIFT_EMIT_LOC_STRINGS = YES;
				SWIFT_VERSION = 5.0;
				TARGETED_DEVICE_FAMILY = 1;
			};
			name = Release;
		};
		44EB24B42AEC7C680055130E /* Debug */ = {
			isa = XCBuildConfiguration;
			buildSettings = {
				ALWAYS_EMBED_SWIFT_STANDARD_LIBRARIES = YES;
				BUNDLE_LOADER = "$(TEST_HOST)";
				CODE_SIGN_STYLE = Automatic;
				CURRENT_PROJECT_VERSION = 1;
				DEVELOPMENT_TEAM = 9DB8872T2A;
				GENERATE_INFOPLIST_FILE = YES;
				IPHONEOS_DEPLOYMENT_TARGET = 17.0;
				MACOSX_DEPLOYMENT_TARGET = 13.5;
				MARKETING_VERSION = 1.0;
				PRODUCT_BUNDLE_IDENTIFIER = me.honcharenko.SummaryPlayerTCATests;
				PRODUCT_NAME = "$(TARGET_NAME)";
				SDKROOT = auto;
				SUPPORTED_PLATFORMS = "iphoneos iphonesimulator macosx";
				SWIFT_EMIT_LOC_STRINGS = NO;
				SWIFT_VERSION = 5.0;
				TARGETED_DEVICE_FAMILY = "1,2";
				TEST_HOST = "$(BUILT_PRODUCTS_DIR)/SummaryPlayerTCA.app/$(BUNDLE_EXECUTABLE_FOLDER_PATH)/SummaryPlayerTCA";
			};
			name = Debug;
		};
		44EB24B52AEC7C680055130E /* Release */ = {
			isa = XCBuildConfiguration;
			buildSettings = {
				ALWAYS_EMBED_SWIFT_STANDARD_LIBRARIES = YES;
				BUNDLE_LOADER = "$(TEST_HOST)";
				CODE_SIGN_STYLE = Automatic;
				CURRENT_PROJECT_VERSION = 1;
				DEVELOPMENT_TEAM = 9DB8872T2A;
				GENERATE_INFOPLIST_FILE = YES;
				IPHONEOS_DEPLOYMENT_TARGET = 17.0;
				MACOSX_DEPLOYMENT_TARGET = 13.5;
				MARKETING_VERSION = 1.0;
				PRODUCT_BUNDLE_IDENTIFIER = me.honcharenko.SummaryPlayerTCATests;
				PRODUCT_NAME = "$(TARGET_NAME)";
				SDKROOT = auto;
				SUPPORTED_PLATFORMS = "iphoneos iphonesimulator macosx";
				SWIFT_EMIT_LOC_STRINGS = NO;
				SWIFT_VERSION = 5.0;
				TARGETED_DEVICE_FAMILY = "1,2";
				TEST_HOST = "$(BUILT_PRODUCTS_DIR)/SummaryPlayerTCA.app/$(BUNDLE_EXECUTABLE_FOLDER_PATH)/SummaryPlayerTCA";
			};
			name = Release;
		};
		44EB24B72AEC7C680055130E /* Debug */ = {
			isa = XCBuildConfiguration;
			buildSettings = {
				ALWAYS_EMBED_SWIFT_STANDARD_LIBRARIES = YES;
				CODE_SIGN_STYLE = Automatic;
				CURRENT_PROJECT_VERSION = 1;
				DEVELOPMENT_TEAM = 9DB8872T2A;
				GENERATE_INFOPLIST_FILE = YES;
				IPHONEOS_DEPLOYMENT_TARGET = 17.0;
				MACOSX_DEPLOYMENT_TARGET = 13.5;
				MARKETING_VERSION = 1.0;
				PRODUCT_BUNDLE_IDENTIFIER = me.honcharenko.SummaryPlayerTCAUITests;
				PRODUCT_NAME = "$(TARGET_NAME)";
				SDKROOT = auto;
				SUPPORTED_PLATFORMS = "iphoneos iphonesimulator macosx";
				SWIFT_EMIT_LOC_STRINGS = NO;
				SWIFT_VERSION = 5.0;
				TARGETED_DEVICE_FAMILY = "1,2";
				TEST_TARGET_NAME = SummaryPlayerTCA;
			};
			name = Debug;
		};
		44EB24B82AEC7C680055130E /* Release */ = {
			isa = XCBuildConfiguration;
			buildSettings = {
				ALWAYS_EMBED_SWIFT_STANDARD_LIBRARIES = YES;
				CODE_SIGN_STYLE = Automatic;
				CURRENT_PROJECT_VERSION = 1;
				DEVELOPMENT_TEAM = 9DB8872T2A;
				GENERATE_INFOPLIST_FILE = YES;
				IPHONEOS_DEPLOYMENT_TARGET = 17.0;
				MACOSX_DEPLOYMENT_TARGET = 13.5;
				MARKETING_VERSION = 1.0;
				PRODUCT_BUNDLE_IDENTIFIER = me.honcharenko.SummaryPlayerTCAUITests;
				PRODUCT_NAME = "$(TARGET_NAME)";
				SDKROOT = auto;
				SUPPORTED_PLATFORMS = "iphoneos iphonesimulator macosx";
				SWIFT_EMIT_LOC_STRINGS = NO;
				SWIFT_VERSION = 5.0;
				TARGETED_DEVICE_FAMILY = "1,2";
				TEST_TARGET_NAME = SummaryPlayerTCA;
			};
			name = Release;
		};
/* End XCBuildConfiguration section */

/* Begin XCConfigurationList section */
		44EB24862AEC7C660055130E /* Build configuration list for PBXProject "SummaryPlayerTCA" */ = {
			isa = XCConfigurationList;
			buildConfigurations = (
				44EB24AE2AEC7C680055130E /* Debug */,
				44EB24AF2AEC7C680055130E /* Release */,
			);
			defaultConfigurationIsVisible = 0;
			defaultConfigurationName = Release;
		};
		44EB24B02AEC7C680055130E /* Build configuration list for PBXNativeTarget "SummaryPlayerTCA" */ = {
			isa = XCConfigurationList;
			buildConfigurations = (
				44EB24B12AEC7C680055130E /* Debug */,
				44EB24B22AEC7C680055130E /* Release */,
			);
			defaultConfigurationIsVisible = 0;
			defaultConfigurationName = Release;
		};
		44EB24B32AEC7C680055130E /* Build configuration list for PBXNativeTarget "SummaryPlayerTCATests" */ = {
			isa = XCConfigurationList;
			buildConfigurations = (
				44EB24B42AEC7C680055130E /* Debug */,
				44EB24B52AEC7C680055130E /* Release */,
			);
			defaultConfigurationIsVisible = 0;
			defaultConfigurationName = Release;
		};
		44EB24B62AEC7C680055130E /* Build configuration list for PBXNativeTarget "SummaryPlayerTCAUITests" */ = {
			isa = XCConfigurationList;
			buildConfigurations = (
				44EB24B72AEC7C680055130E /* Debug */,
				44EB24B82AEC7C680055130E /* Release */,
			);
			defaultConfigurationIsVisible = 0;
			defaultConfigurationName = Release;
		};
/* End XCConfigurationList section */

/* Begin XCRemoteSwiftPackageReference section */
		44EB24B92AEC7CB50055130E /* XCRemoteSwiftPackageReference "swift-composable-architecture" */ = {
			isa = XCRemoteSwiftPackageReference;
			repositoryURL = "https://github.com/pointfreeco/swift-composable-architecture.git";
			requirement = {
				kind = upToNextMajorVersion;
				minimumVersion = 1.3.0;
			};
		};
/* End XCRemoteSwiftPackageReference section */

/* Begin XCSwiftPackageProductDependency section */
		44EB24BA2AEC7CB50055130E /* ComposableArchitecture */ = {
			isa = XCSwiftPackageProductDependency;
			package = 44EB24B92AEC7CB50055130E /* XCRemoteSwiftPackageReference "swift-composable-architecture" */;
			productName = ComposableArchitecture;
		};
/* End XCSwiftPackageProductDependency section */
	};
	rootObject = 44EB24832AEC7C660055130E /* Project object */;
}
